
Microsoft Visual Studio Solution File, Format Version 12.00
# Visual Studio Version 16
VisualStudioVersion = 16.0.30804.86
MinimumVisualStudioVersion = 15.0.26124.0
Project("{2150E333-8FDC-42A3-9474-1A3956D46DE8}") = "src", "src", "{6C4D282E-9CD6-4834-9192-C96AE69CC4C0}"
EndProject
Project("{9A19103F-16F7-4668-BE54-9A1E7A4F7556}") = "MultiCountryValidationPoc.Api", "src\MultiCountryValidationPoc.Api\MultiCountryValidationPoc.Api.csproj", "{9F3FD6F9-CF02-4277-86B8-0C2F65DB26CA}"
EndProject
Global
	GlobalSection(SolutionConfigurationPlatforms) = preSolution
		Debug|Any CPU = Debug|Any CPU
		Debug|x64 = Debug|x64
		Debug|x86 = Debug|x86
		Release|Any CPU = Release|Any CPU
		Release|x64 = Release|x64
		Release|x86 = Release|x86
	EndGlobalSection
	GlobalSection(ProjectConfigurationPlatforms) = postSolution
		{9F3FD6F9-CF02-4277-86B8-0C2F65DB26CA}.Debug|Any CPU.ActiveCfg = Debug|Any CPU
		{9F3FD6F9-CF02-4277-86B8-0C2F65DB26CA}.Debug|Any CPU.Build.0 = Debug|Any CPU
		{9F3FD6F9-CF02-4277-86B8-0C2F65DB26CA}.Debug|x64.ActiveCfg = Debug|Any CPU
		{9F3FD6F9-CF02-4277-86B8-0C2F65DB26CA}.Debug|x64.Build.0 = Debug|Any CPU
		{9F3FD6F9-CF02-4277-86B8-0C2F65DB26CA}.Debug|x86.ActiveCfg = Debug|Any CPU
		{9F3FD6F9-CF02-4277-86B8-0C2F65DB26CA}.Debug|x86.Build.0 = Debug|Any CPU
		{9F3FD6F9-CF02-4277-86B8-0C2F65DB26CA}.Release|Any CPU.ActiveCfg = Release|Any CPU
		{9F3FD6F9-CF02-4277-86B8-0C2F65DB26CA}.Release|Any CPU.Build.0 = Release|Any CPU
		{9F3FD6F9-CF02-4277-86B8-0C2F65DB26CA}.Release|x64.ActiveCfg = Release|Any CPU
		{9F3FD6F9-CF02-4277-86B8-0C2F65DB26CA}.Release|x64.Build.0 = Release|Any CPU
		{9F3FD6F9-CF02-4277-86B8-0C2F65DB26CA}.Release|x86.ActiveCfg = Release|Any CPU
		{9F3FD6F9-CF02-4277-86B8-0C2F65DB26CA}.Release|x86.Build.0 = Release|Any CPU
	EndGlobalSection
	GlobalSection(SolutionProperties) = preSolution
		HideSolutionNode = FALSE
	EndGlobalSection
	GlobalSection(NestedProjects) = preSolution
		{9F3FD6F9-CF02-4277-86B8-0C2F65DB26CA} = {6C4D282E-9CD6-4834-9192-C96AE69CC4C0}
	EndGlobalSection
	GlobalSection(ExtensibilityGlobals) = postSolution
		SolutionGuid = {797FB54C-9514-4BC9-ABCA-E57CD5655A18}
	EndGlobalSection
EndGlobal
